
Microsoft Visual Studio Solution File, Format Version 12.00
# Visual Studio Version 17
VisualStudioVersion = 17.0.31903.59
MinimumVisualStudioVersion = 10.0.40219.1
Project("{FAE04EC0-301F-11D3-BF4B-00C04F79EFBC}") = "Qubic.Toolkit", "Qubic.Toolkit.csproj", "{342E4CFD-E220-4175-84A2-77E4FF3B4EAE}"
EndProject
Global
	GlobalSection(SolutionConfigurationPlatforms) = preSolution
		Debug|Any CPU = Debug|Any CPU
		Release|Any CPU = Release|Any CPU
	EndGlobalSection
	GlobalSection(ProjectConfigurationPlatforms) = postSolution
		{342E4CFD-E220-4175-84A2-77E4FF3B4EAE}.Debug|Any CPU.ActiveCfg = Debug|Any CPU
		{342E4CFD-E220-4175-84A2-77E4FF3B4EAE}.Debug|Any CPU.Build.0 = Debug|Any CPU
		{342E4CFD-E220-4175-84A2-77E4FF3B4EAE}.Release|Any CPU.ActiveCfg = Release|Any CPU
		{342E4CFD-E220-4175-84A2-77E4FF3B4EAE}.Release|Any CPU.Build.0 = Release|Any CPU
	EndGlobalSection
	GlobalSection(SolutionProperties) = preSolution
		HideSolutionNode = FALSE
	EndGlobalSection
EndGlobal
