
Microsoft Visual Studio Solution File, Format Version 12.00
# Visual Studio Version 17
VisualStudioVersion = 17.0.31903.59
MinimumVisualStudioVersion = 10.0.40219.1
Project("{FAE04EC0-301F-11D3-BF4B-00C04F79EFBC}") = "Qubic.Toolkit", "Qubic.Toolkit.csproj", "{342E4CFD-E220-4175-84A2-77E4FF3B4EAE}"
EndProject
Project("{2150E333-8FDC-42A3-9474-1A3956D46DE8}") = "deps", "deps", "{584991B1-6E28-4D0B-BB41-DB224115039B}"
EndProject
Project("{2150E333-8FDC-42A3-9474-1A3956D46DE8}") = "Qubic.Net", "Qubic.Net", "{179D4BF6-2AB9-4F1D-917F-4002A2A544AC}"
EndProject
Project("{2150E333-8FDC-42A3-9474-1A3956D46DE8}") = "src", "src", "{50C0EEEE-CA38-4274-9F98-CDD88D9C430F}"
EndProject
Project("{FAE04EC0-301F-11D3-BF4B-00C04F79EFBC}") = "Qubic.Services", "deps\Qubic.Net\src\Qubic.Services\Qubic.Services.csproj", "{1BE0B232-4DEC-466D-A2A3-5B719A016D0B}"
EndProject
Project("{FAE04EC0-301F-11D3-BF4B-00C04F79EFBC}") = "Qubic.Core", "deps\Qubic.Net\src\Qubic.Core\Qubic.Core.csproj", "{9AEF22D8-4834-4EE8-AC21-1DDE3F2875BF}"
EndProject
Project("{FAE04EC0-301F-11D3-BF4B-00C04F79EFBC}") = "Qubic.Crypto", "deps\Qubic.Net\src\Qubic.Crypto\Qubic.Crypto.csproj", "{9310B0BA-997F-46B1-AF98-0FF9AD123F12}"
EndProject
Project("{FAE04EC0-301F-11D3-BF4B-00C04F79EFBC}") = "Qubic.Serialization", "deps\Qubic.Net\src\Qubic.Serialization\Qubic.Serialization.csproj", "{C2053E80-00C4-4A0B-9E49-822AAD30880C}"
EndProject
Project("{FAE04EC0-301F-11D3-BF4B-00C04F79EFBC}") = "Qubic.Network", "deps\Qubic.Net\src\Qubic.Network\Qubic.Network.csproj", "{5CD4B5A8-4EC4-4387-8C2E-B07687000CF8}"
EndProject
Project("{FAE04EC0-301F-11D3-BF4B-00C04F79EFBC}") = "Qubic.Rpc", "deps\Qubic.Net\src\Qubic.Rpc\Qubic.Rpc.csproj", "{9EF41EFB-31FE-4157-94E8-99318982D165}"
EndProject
Project("{FAE04EC0-301F-11D3-BF4B-00C04F79EFBC}") = "Qubic.Bob", "deps\Qubic.Net\src\Qubic.Bob\Qubic.Bob.csproj", "{B5D4F009-8106-4A2E-9059-E2A00380F032}"
EndProject
Global
	GlobalSection(SolutionConfigurationPlatforms) = preSolution
		Debug|Any CPU = Debug|Any CPU
		Release|Any CPU = Release|Any CPU
	EndGlobalSection
	GlobalSection(SolutionProperties) = preSolution
		HideSolutionNode = FALSE
	EndGlobalSection
	GlobalSection(ProjectConfigurationPlatforms) = postSolution
		{342E4CFD-E220-4175-84A2-77E4FF3B4EAE}.Debug|Any CPU.ActiveCfg = Debug|Any CPU
		{342E4CFD-E220-4175-84A2-77E4FF3B4EAE}.Debug|Any CPU.Build.0 = Debug|Any CPU
		{342E4CFD-E220-4175-84A2-77E4FF3B4EAE}.Release|Any CPU.ActiveCfg = Release|Any CPU
		{342E4CFD-E220-4175-84A2-77E4FF3B4EAE}.Release|Any CPU.Build.0 = Release|Any CPU
		{1BE0B232-4DEC-466D-A2A3-5B719A016D0B}.Debug|Any CPU.ActiveCfg = Debug|Any CPU
		{1BE0B232-4DEC-466D-A2A3-5B719A016D0B}.Debug|Any CPU.Build.0 = Debug|Any CPU
		{1BE0B232-4DEC-466D-A2A3-5B719A016D0B}.Release|Any CPU.ActiveCfg = Release|Any CPU
		{1BE0B232-4DEC-466D-A2A3-5B719A016D0B}.Release|Any CPU.Build.0 = Release|Any CPU
		{9AEF22D8-4834-4EE8-AC21-1DDE3F2875BF}.Debug|Any CPU.ActiveCfg = Debug|Any CPU
		{9AEF22D8-4834-4EE8-AC21-1DDE3F2875BF}.Debug|Any CPU.Build.0 = Debug|Any CPU
		{9AEF22D8-4834-4EE8-AC21-1DDE3F2875BF}.Release|Any CPU.ActiveCfg = Release|Any CPU
		{9AEF22D8-4834-4EE8-AC21-1DDE3F2875BF}.Release|Any CPU.Build.0 = Release|Any CPU
		{9310B0BA-997F-46B1-AF98-0FF9AD123F12}.Debug|Any CPU.ActiveCfg = Debug|Any CPU
		{9310B0BA-997F-46B1-AF98-0FF9AD123F12}.Debug|Any CPU.Build.0 = Debug|Any CPU
		{9310B0BA-997F-46B1-AF98-0FF9AD123F12}.Release|Any CPU.ActiveCfg = Release|Any CPU
		{9310B0BA-997F-46B1-AF98-0FF9AD123F12}.Release|Any CPU.Build.0 = Release|Any CPU
		{C2053E80-00C4-4A0B-9E49-822AAD30880C}.Debug|Any CPU.ActiveCfg = Debug|Any CPU
		{C2053E80-00C4-4A0B-9E49-822AAD30880C}.Debug|Any CPU.Build.0 = Debug|Any CPU
		{C2053E80-00C4-4A0B-9E49-822AAD30880C}.Release|Any CPU.ActiveCfg = Release|Any CPU
		{C2053E80-00C4-4A0B-9E49-822AAD30880C}.Release|Any CPU.Build.0 = Release|Any CPU
		{5CD4B5A8-4EC4-4387-8C2E-B07687000CF8}.Debug|Any CPU.ActiveCfg = Debug|Any CPU
		{5CD4B5A8-4EC4-4387-8C2E-B07687000CF8}.Debug|Any CPU.Build.0 = Debug|Any CPU
		{5CD4B5A8-4EC4-4387-8C2E-B07687000CF8}.Release|Any CPU.ActiveCfg = Release|Any CPU
		{5CD4B5A8-4EC4-4387-8C2E-B07687000CF8}.Release|Any CPU.Build.0 = Release|Any CPU
		{9EF41EFB-31FE-4157-94E8-99318982D165}.Debug|Any CPU.ActiveCfg = Debug|Any CPU
		{9EF41EFB-31FE-4157-94E8-99318982D165}.Debug|Any CPU.Build.0 = Debug|Any CPU
		{9EF41EFB-31FE-4157-94E8-99318982D165}.Release|Any CPU.ActiveCfg = Release|Any CPU
		{9EF41EFB-31FE-4157-94E8-99318982D165}.Release|Any CPU.Build.0 = Release|Any CPU
		{B5D4F009-8106-4A2E-9059-E2A00380F032}.Debug|Any CPU.ActiveCfg = Debug|Any CPU
		{B5D4F009-8106-4A2E-9059-E2A00380F032}.Debug|Any CPU.Build.0 = Debug|Any CPU
		{B5D4F009-8106-4A2E-9059-E2A00380F032}.Release|Any CPU.ActiveCfg = Release|Any CPU
		{B5D4F009-8106-4A2E-9059-E2A00380F032}.Release|Any CPU.Build.0 = Release|Any CPU
	EndGlobalSection
	GlobalSection(NestedProjects) = preSolution
		{179D4BF6-2AB9-4F1D-917F-4002A2A544AC} = {584991B1-6E28-4D0B-BB41-DB224115039B}
		{50C0EEEE-CA38-4274-9F98-CDD88D9C430F} = {179D4BF6-2AB9-4F1D-917F-4002A2A544AC}
		{1BE0B232-4DEC-466D-A2A3-5B719A016D0B} = {50C0EEEE-CA38-4274-9F98-CDD88D9C430F}
		{9AEF22D8-4834-4EE8-AC21-1DDE3F2875BF} = {50C0EEEE-CA38-4274-9F98-CDD88D9C430F}
		{9310B0BA-997F-46B1-AF98-0FF9AD123F12} = {50C0EEEE-CA38-4274-9F98-CDD88D9C430F}
		{C2053E80-00C4-4A0B-9E49-822AAD30880C} = {50C0EEEE-CA38-4274-9F98-CDD88D9C430F}
		{5CD4B5A8-4EC4-4387-8C2E-B07687000CF8} = {50C0EEEE-CA38-4274-9F98-CDD88D9C430F}
		{9EF41EFB-31FE-4157-94E8-99318982D165} = {50C0EEEE-CA38-4274-9F98-CDD88D9C430F}
		{B5D4F009-8106-4A2E-9059-E2A00380F032} = {50C0EEEE-CA38-4274-9F98-CDD88D9C430F}
	EndGlobalSection
EndGlobal
